// !$*UTF8*$!
{
	archiveVersion = 1;
	classes = {
	};
	objectVersion = 46;
	objects = {

/* Begin PBXBuildFile section */
		3127189A1CAF2E7900EA9006 /* AlumniTabBarController.swift in Sources */ = {isa = PBXBuildFile; fileRef = 312718991CAF2E7900EA9006 /* AlumniTabBarController.swift */; };
		3127189C1CAF321100EA9006 /* LatestNewsTableViewController.swift in Sources */ = {isa = PBXBuildFile; fileRef = 3127189B1CAF321100EA9006 /* LatestNewsTableViewController.swift */; };
		3127189E1CAF322C00EA9006 /* UpcomingEventsTableViewController.swift in Sources */ = {isa = PBXBuildFile; fileRef = 3127189D1CAF322C00EA9006 /* UpcomingEventsTableViewController.swift */; };
		317702DB1C9CABF200C1D9A2 /* AppDelegate.swift in Sources */ = {isa = PBXBuildFile; fileRef = 317702DA1C9CABF200C1D9A2 /* AppDelegate.swift */; };
		317702DD1C9CABF200C1D9A2 /* RadioViewController.swift in Sources */ = {isa = PBXBuildFile; fileRef = 317702DC1C9CABF200C1D9A2 /* RadioViewController.swift */; };
		317702DF1C9CABF200C1D9A2 /* MissourianViewController.swift in Sources */ = {isa = PBXBuildFile; fileRef = 317702DE1C9CABF200C1D9A2 /* MissourianViewController.swift */; };
		317702E21C9CABF200C1D9A2 /* Main.storyboard in Resources */ = {isa = PBXBuildFile; fileRef = 317702E01C9CABF200C1D9A2 /* Main.storyboard */; };
		317702E41C9CABF200C1D9A2 /* Assets.xcassets in Resources */ = {isa = PBXBuildFile; fileRef = 317702E31C9CABF200C1D9A2 /* Assets.xcassets */; };
		317702E71C9CABF200C1D9A2 /* LaunchScreen.storyboard in Resources */ = {isa = PBXBuildFile; fileRef = 317702E51C9CABF200C1D9A2 /* LaunchScreen.storyboard */; };
		317702F21C9CABF200C1D9A2 /* Northwest_ConnectTests.swift in Sources */ = {isa = PBXBuildFile; fileRef = 317702F11C9CABF200C1D9A2 /* Northwest_ConnectTests.swift */; };
		317702FD1C9CABF200C1D9A2 /* Northwest_ConnectUITests.swift in Sources */ = {isa = PBXBuildFile; fileRef = 317702FC1C9CABF200C1D9A2 /* Northwest_ConnectUITests.swift */; };
		3177030F1C9CAE2D00C1D9A2 /* SportsTableViewController.swift in Sources */ = {isa = PBXBuildFile; fileRef = 3177030E1C9CAE2D00C1D9A2 /* SportsTableViewController.swift */; };
		31D84DAA1CA1C525008A6802 /* NorthwestAlumniViewController.swift in Sources */ = {isa = PBXBuildFile; fileRef = 31D84DA91CA1C525008A6802 /* NorthwestAlumniViewController.swift */; };
		7F2D3CC91C9CE6360043B718 /* AlumniFinal.png in Resources */ = {isa = PBXBuildFile; fileRef = 7F2D3CC81C9CE6360043B718 /* AlumniFinal.png */; };
		7F53CA621C9CC27C00287EBA /* SportsTableData.swift in Sources */ = {isa = PBXBuildFile; fileRef = 7F53CA611C9CC27C00287EBA /* SportsTableData.swift */; };
/* End PBXBuildFile section */

/* Begin PBXContainerItemProxy section */
		317702EE1C9CABF200C1D9A2 /* PBXContainerItemProxy */ = {
			isa = PBXContainerItemProxy;
			containerPortal = 317702CF1C9CABF200C1D9A2 /* Project object */;
			proxyType = 1;
			remoteGlobalIDString = 317702D61C9CABF200C1D9A2;
			remoteInfo = "Northwest Connect";
		};
		317702F91C9CABF200C1D9A2 /* PBXContainerItemProxy */ = {
			isa = PBXContainerItemProxy;
			containerPortal = 317702CF1C9CABF200C1D9A2 /* Project object */;
			proxyType = 1;
			remoteGlobalIDString = 317702D61C9CABF200C1D9A2;
			remoteInfo = "Northwest Connect";
		};
/* End PBXContainerItemProxy section */

/* Begin PBXFileReference section */
		312718991CAF2E7900EA9006 /* AlumniTabBarController.swift */ = {isa = PBXFileReference; fileEncoding = 4; lastKnownFileType = sourcecode.swift; path = AlumniTabBarController.swift; sourceTree = "<group>"; };
		3127189B1CAF321100EA9006 /* LatestNewsTableViewController.swift */ = {isa = PBXFileReference; fileEncoding = 4; lastKnownFileType = sourcecode.swift; path = LatestNewsTableViewController.swift; sourceTree = "<group>"; };
		3127189D1CAF322C00EA9006 /* UpcomingEventsTableViewController.swift */ = {isa = PBXFileReference; fileEncoding = 4; lastKnownFileType = sourcecode.swift; path = UpcomingEventsTableViewController.swift; sourceTree = "<group>"; };
		317702D71C9CABF200C1D9A2 /* Northwest Connect.app */ = {isa = PBXFileReference; explicitFileType = wrapper.application; includeInIndex = 0; path = "Northwest Connect.app"; sourceTree = BUILT_PRODUCTS_DIR; };
		317702DA1C9CABF200C1D9A2 /* AppDelegate.swift */ = {isa = PBXFileReference; lastKnownFileType = sourcecode.swift; path = AppDelegate.swift; sourceTree = "<group>"; };
		317702DC1C9CABF200C1D9A2 /* RadioViewController.swift */ = {isa = PBXFileReference; lastKnownFileType = sourcecode.swift; path = RadioViewController.swift; sourceTree = "<group>"; };
		317702DE1C9CABF200C1D9A2 /* MissourianViewController.swift */ = {isa = PBXFileReference; lastKnownFileType = sourcecode.swift; path = MissourianViewController.swift; sourceTree = "<group>"; };
		317702E11C9CABF200C1D9A2 /* Base */ = {isa = PBXFileReference; lastKnownFileType = file.storyboard; name = Base; path = Base.lproj/Main.storyboard; sourceTree = "<group>"; };
		317702E31C9CABF200C1D9A2 /* Assets.xcassets */ = {isa = PBXFileReference; lastKnownFileType = folder.assetcatalog; path = Assets.xcassets; sourceTree = "<group>"; };
		317702E61C9CABF200C1D9A2 /* Base */ = {isa = PBXFileReference; lastKnownFileType = file.storyboard; name = Base; path = Base.lproj/LaunchScreen.storyboard; sourceTree = "<group>"; };
		317702E81C9CABF200C1D9A2 /* Info.plist */ = {isa = PBXFileReference; lastKnownFileType = text.plist.xml; path = Info.plist; sourceTree = "<group>"; };
		317702ED1C9CABF200C1D9A2 /* Northwest ConnectTests.xctest */ = {isa = PBXFileReference; explicitFileType = wrapper.cfbundle; includeInIndex = 0; path = "Northwest ConnectTests.xctest"; sourceTree = BUILT_PRODUCTS_DIR; };
		317702F11C9CABF200C1D9A2 /* Northwest_ConnectTests.swift */ = {isa = PBXFileReference; lastKnownFileType = sourcecode.swift; path = Northwest_ConnectTests.swift; sourceTree = "<group>"; };
		317702F31C9CABF200C1D9A2 /* Info.plist */ = {isa = PBXFileReference; lastKnownFileType = text.plist.xml; path = Info.plist; sourceTree = "<group>"; };
		317702F81C9CABF200C1D9A2 /* Northwest ConnectUITests.xctest */ = {isa = PBXFileReference; explicitFileType = wrapper.cfbundle; includeInIndex = 0; path = "Northwest ConnectUITests.xctest"; sourceTree = BUILT_PRODUCTS_DIR; };
		317702FC1C9CABF200C1D9A2 /* Northwest_ConnectUITests.swift */ = {isa = PBXFileReference; lastKnownFileType = sourcecode.swift; path = Northwest_ConnectUITests.swift; sourceTree = "<group>"; };
		317702FE1C9CABF200C1D9A2 /* Info.plist */ = {isa = PBXFileReference; lastKnownFileType = text.plist.xml; path = Info.plist; sourceTree = "<group>"; };
		3177030E1C9CAE2D00C1D9A2 /* SportsTableViewController.swift */ = {isa = PBXFileReference; fileEncoding = 4; lastKnownFileType = sourcecode.swift; path = SportsTableViewController.swift; sourceTree = "<group>"; };
		31D84DA91CA1C525008A6802 /* NorthwestAlumniViewController.swift */ = {isa = PBXFileReference; fileEncoding = 4; lastKnownFileType = sourcecode.swift; path = NorthwestAlumniViewController.swift; sourceTree = "<group>"; };
		7F2D3CC81C9CE6360043B718 /* AlumniFinal.png */ = {isa = PBXFileReference; lastKnownFileType = image.png; path = AlumniFinal.png; sourceTree = "<group>"; };
		7F53CA611C9CC27C00287EBA /* SportsTableData.swift */ = {isa = PBXFileReference; fileEncoding = 4; lastKnownFileType = sourcecode.swift; path = SportsTableData.swift; sourceTree = "<group>"; };
/* End PBXFileReference section */

/* Begin PBXFrameworksBuildPhase section */
		317702D41C9CABF200C1D9A2 /* Frameworks */ = {
			isa = PBXFrameworksBuildPhase;
			buildActionMask = 2147483647;
			files = (
			);
			runOnlyForDeploymentPostprocessing = 0;
		};
		317702EA1C9CABF200C1D9A2 /* Frameworks */ = {
			isa = PBXFrameworksBuildPhase;
			buildActionMask = 2147483647;
			files = (
			);
			runOnlyForDeploymentPostprocessing = 0;
		};
		317702F51C9CABF200C1D9A2 /* Frameworks */ = {
			isa = PBXFrameworksBuildPhase;
			buildActionMask = 2147483647;
			files = (
			);
			runOnlyForDeploymentPostprocessing = 0;
		};
/* End PBXFrameworksBuildPhase section */

/* Begin PBXGroup section */
		317702CE1C9CABF200C1D9A2 = {
			isa = PBXGroup;
			children = (
				317702D91C9CABF200C1D9A2 /* Northwest Connect */,
				317702F01C9CABF200C1D9A2 /* Northwest ConnectTests */,
				317702FB1C9CABF200C1D9A2 /* Northwest ConnectUITests */,
				317702D81C9CABF200C1D9A2 /* Products */,
			);
			sourceTree = "<group>";
		};
		317702D81C9CABF200C1D9A2 /* Products */ = {
			isa = PBXGroup;
			children = (
				317702D71C9CABF200C1D9A2 /* Northwest Connect.app */,
				317702ED1C9CABF200C1D9A2 /* Northwest ConnectTests.xctest */,
				317702F81C9CABF200C1D9A2 /* Northwest ConnectUITests.xctest */,
			);
			name = Products;
			sourceTree = "<group>";
		};
		317702D91C9CABF200C1D9A2 /* Northwest Connect */ = {
			isa = PBXGroup;
			children = (
				317702DA1C9CABF200C1D9A2 /* AppDelegate.swift */,
				317702DC1C9CABF200C1D9A2 /* RadioViewController.swift */,
				317702DE1C9CABF200C1D9A2 /* MissourianViewController.swift */,
				3177030E1C9CAE2D00C1D9A2 /* SportsTableViewController.swift */,
				317702E01C9CABF200C1D9A2 /* Main.storyboard */,
				3127189B1CAF321100EA9006 /* LatestNewsTableViewController.swift */,
				3127189D1CAF322C00EA9006 /* UpcomingEventsTableViewController.swift */,
				312718991CAF2E7900EA9006 /* AlumniTabBarController.swift */,
				7F2D3CC81C9CE6360043B718 /* AlumniFinal.png */,
				31D84DA91CA1C525008A6802 /* NorthwestAlumniViewController.swift */,
				317702E31C9CABF200C1D9A2 /* Assets.xcassets */,
				317702E51C9CABF200C1D9A2 /* LaunchScreen.storyboard */,
				317702E81C9CABF200C1D9A2 /* Info.plist */,
				7F53CA611C9CC27C00287EBA /* SportsTableData.swift */,
			);
			path = "Northwest Connect";
			sourceTree = "<group>";
		};
		317702F01C9CABF200C1D9A2 /* Northwest ConnectTests */ = {
			isa = PBXGroup;
			children = (
				317702F11C9CABF200C1D9A2 /* Northwest_ConnectTests.swift */,
				317702F31C9CABF200C1D9A2 /* Info.plist */,
			);
			path = "Northwest ConnectTests";
			sourceTree = "<group>";
		};
		317702FB1C9CABF200C1D9A2 /* Northwest ConnectUITests */ = {
			isa = PBXGroup;
			children = (
				317702FC1C9CABF200C1D9A2 /* Northwest_ConnectUITests.swift */,
				317702FE1C9CABF200C1D9A2 /* Info.plist */,
			);
			path = "Northwest ConnectUITests";
			sourceTree = "<group>";
		};
/* End PBXGroup section */

/* Begin PBXNativeTarget section */
		317702D61C9CABF200C1D9A2 /* Northwest Connect */ = {
			isa = PBXNativeTarget;
			buildConfigurationList = 317703011C9CABF200C1D9A2 /* Build configuration list for PBXNativeTarget "Northwest Connect" */;
			buildPhases = (
				317702D31C9CABF200C1D9A2 /* Sources */,
				317702D41C9CABF200C1D9A2 /* Frameworks */,
				317702D51C9CABF200C1D9A2 /* Resources */,
			);
			buildRules = (
			);
			dependencies = (
			);
			name = "Northwest Connect";
			productName = "Northwest Connect";
			productReference = 317702D71C9CABF200C1D9A2 /* Northwest Connect.app */;
			productType = "com.apple.product-type.application";
		};
		317702EC1C9CABF200C1D9A2 /* Northwest ConnectTests */ = {
			isa = PBXNativeTarget;
			buildConfigurationList = 317703041C9CABF200C1D9A2 /* Build configuration list for PBXNativeTarget "Northwest ConnectTests" */;
			buildPhases = (
				317702E91C9CABF200C1D9A2 /* Sources */,
				317702EA1C9CABF200C1D9A2 /* Frameworks */,
				317702EB1C9CABF200C1D9A2 /* Resources */,
			);
			buildRules = (
			);
			dependencies = (
				317702EF1C9CABF200C1D9A2 /* PBXTargetDependency */,
			);
			name = "Northwest ConnectTests";
			productName = "Northwest ConnectTests";
			productReference = 317702ED1C9CABF200C1D9A2 /* Northwest ConnectTests.xctest */;
			productType = "com.apple.product-type.bundle.unit-test";
		};
		317702F71C9CABF200C1D9A2 /* Northwest ConnectUITests */ = {
			isa = PBXNativeTarget;
			buildConfigurationList = 317703071C9CABF200C1D9A2 /* Build configuration list for PBXNativeTarget "Northwest ConnectUITests" */;
			buildPhases = (
				317702F41C9CABF200C1D9A2 /* Sources */,
				317702F51C9CABF200C1D9A2 /* Frameworks */,
				317702F61C9CABF200C1D9A2 /* Resources */,
			);
			buildRules = (
			);
			dependencies = (
				317702FA1C9CABF200C1D9A2 /* PBXTargetDependency */,
			);
			name = "Northwest ConnectUITests";
			productName = "Northwest ConnectUITests";
			productReference = 317702F81C9CABF200C1D9A2 /* Northwest ConnectUITests.xctest */;
			productType = "com.apple.product-type.bundle.ui-testing";
		};
/* End PBXNativeTarget section */

/* Begin PBXProject section */
		317702CF1C9CABF200C1D9A2 /* Project object */ = {
			isa = PBXProject;
			attributes = {
				LastSwiftUpdateCheck = 0720;
				LastUpgradeCheck = 0720;
				ORGANIZATIONNAME = "Kola,Harish";
				TargetAttributes = {
					317702D61C9CABF200C1D9A2 = {
						CreatedOnToolsVersion = 7.2;
					};
					317702EC1C9CABF200C1D9A2 = {
						CreatedOnToolsVersion = 7.2;
						TestTargetID = 317702D61C9CABF200C1D9A2;
					};
					317702F71C9CABF200C1D9A2 = {
						CreatedOnToolsVersion = 7.2;
						TestTargetID = 317702D61C9CABF200C1D9A2;
					};
				};
			};
			buildConfigurationList = 317702D21C9CABF200C1D9A2 /* Build configuration list for PBXProject "Northwest Connect" */;
			compatibilityVersion = "Xcode 3.2";
			developmentRegion = English;
			hasScannedForEncodings = 0;
			knownRegions = (
				en,
				Base,
			);
			mainGroup = 317702CE1C9CABF200C1D9A2;
			productRefGroup = 317702D81C9CABF200C1D9A2 /* Products */;
			projectDirPath = "";
			projectRoot = "";
			targets = (
				317702D61C9CABF200C1D9A2 /* Northwest Connect */,
				317702EC1C9CABF200C1D9A2 /* Northwest ConnectTests */,
				317702F71C9CABF200C1D9A2 /* Northwest ConnectUITests */,
			);
		};
/* End PBXProject section */

/* Begin PBXResourcesBuildPhase section */
		317702D51C9CABF200C1D9A2 /* Resources */ = {
			isa = PBXResourcesBuildPhase;
			buildActionMask = 2147483647;
			files = (
				317702E71C9CABF200C1D9A2 /* LaunchScreen.storyboard in Resources */,
				317702E41C9CABF200C1D9A2 /* Assets.xcassets in Resources */,
				7F2D3CC91C9CE6360043B718 /* AlumniFinal.png in Resources */,
				317702E21C9CABF200C1D9A2 /* Main.storyboard in Resources */,
			);
			runOnlyForDeploymentPostprocessing = 0;
		};
		317702EB1C9CABF200C1D9A2 /* Resources */ = {
			isa = PBXResourcesBuildPhase;
			buildActionMask = 2147483647;
			files = (
			);
			runOnlyForDeploymentPostprocessing = 0;
		};
		317702F61C9CABF200C1D9A2 /* Resources */ = {
			isa = PBXResourcesBuildPhase;
			buildActionMask = 2147483647;
			files = (
			);
			runOnlyForDeploymentPostprocessing = 0;
		};
/* End PBXResourcesBuildPhase section */

/* Begin PBXSourcesBuildPhase section */
		317702D31C9CABF200C1D9A2 /* Sources */ = {
			isa = PBXSourcesBuildPhase;
			buildActionMask = 2147483647;
			files = (
				317702DF1C9CABF200C1D9A2 /* MissourianViewController.swift in Sources */,
				317702DB1C9CABF200C1D9A2 /* AppDelegate.swift in Sources */,
				7F53CA621C9CC27C00287EBA /* SportsTableData.swift in Sources */,
				317702DD1C9CABF200C1D9A2 /* RadioViewController.swift in Sources */,
				3177030F1C9CAE2D00C1D9A2 /* SportsTableViewController.swift in Sources */,
				3127189E1CAF322C00EA9006 /* UpcomingEventsTableViewController.swift in Sources */,
				31D84DAA1CA1C525008A6802 /* NorthwestAlumniViewController.swift in Sources */,
				3127189A1CAF2E7900EA9006 /* AlumniTabBarController.swift in Sources */,
				3127189C1CAF321100EA9006 /* LatestNewsTableViewController.swift in Sources */,
			);
			runOnlyForDeploymentPostprocessing = 0;
		};
		317702E91C9CABF200C1D9A2 /* Sources */ = {
			isa = PBXSourcesBuildPhase;
			buildActionMask = 2147483647;
			files = (
				317702F21C9CABF200C1D9A2 /* Northwest_ConnectTests.swift in Sources */,
			);
			runOnlyForDeploymentPostprocessing = 0;
		};
		317702F41C9CABF200C1D9A2 /* Sources */ = {
			isa = PBXSourcesBuildPhase;
			buildActionMask = 2147483647;
			files = (
				317702FD1C9CABF200C1D9A2 /* Northwest_ConnectUITests.swift in Sources */,
			);
			runOnlyForDeploymentPostprocessing = 0;
		};
/* End PBXSourcesBuildPhase section */

/* Begin PBXTargetDependency section */
		317702EF1C9CABF200C1D9A2 /* PBXTargetDependency */ = {
			isa = PBXTargetDependency;
			target = 317702D61C9CABF200C1D9A2 /* Northwest Connect */;
			targetProxy = 317702EE1C9CABF200C1D9A2 /* PBXContainerItemProxy */;
		};
		317702FA1C9CABF200C1D9A2 /* PBXTargetDependency */ = {
			isa = PBXTargetDependency;
			target = 317702D61C9CABF200C1D9A2 /* Northwest Connect */;
			targetProxy = 317702F91C9CABF200C1D9A2 /* PBXContainerItemProxy */;
		};
/* End PBXTargetDependency section */

/* Begin PBXVariantGroup section */
		317702E01C9CABF200C1D9A2 /* Main.storyboard */ = {
			isa = PBXVariantGroup;
			children = (
				317702E11C9CABF200C1D9A2 /* Base */,
			);
			name = Main.storyboard;
			sourceTree = "<group>";
		};
		317702E51C9CABF200C1D9A2 /* LaunchScreen.storyboard */ = {
			isa = PBXVariantGroup;
			children = (
				317702E61C9CABF200C1D9A2 /* Base */,
			);
			name = LaunchScreen.storyboard;
			sourceTree = "<group>";
		};
/* End PBXVariantGroup section */

/* Begin XCBuildConfiguration section */
		317702FF1C9CABF200C1D9A2 /* Debug */ = {
			isa = XCBuildConfiguration;
			buildSettings = {
				ALWAYS_SEARCH_USER_PATHS = NO;
				CLANG_CXX_LANGUAGE_STANDARD = "gnu++0x";
				CLANG_CXX_LIBRARY = "libc++";
				CLANG_ENABLE_MODULES = YES;
				CLANG_ENABLE_OBJC_ARC = YES;
				CLANG_WARN_BOOL_CONVERSION = YES;
				CLANG_WARN_CONSTANT_CONVERSION = YES;
				CLANG_WARN_DIRECT_OBJC_ISA_USAGE = YES_ERROR;
				CLANG_WARN_EMPTY_BODY = YES;
				CLANG_WARN_ENUM_CONVERSION = YES;
				CLANG_WARN_INT_CONVERSION = YES;
				CLANG_WARN_OBJC_ROOT_CLASS = YES_ERROR;
				CLANG_WARN_UNREACHABLE_CODE = YES;
				CLANG_WARN__DUPLICATE_METHOD_MATCH = YES;
				"CODE_SIGN_IDENTITY[sdk=iphoneos*]" = "iPhone Developer";
				COPY_PHASE_STRIP = NO;
				DEBUG_INFORMATION_FORMAT = dwarf;
				ENABLE_STRICT_OBJC_MSGSEND = YES;
				ENABLE_TESTABILITY = YES;
				GCC_C_LANGUAGE_STANDARD = gnu99;
				GCC_DYNAMIC_NO_PIC = NO;
				GCC_NO_COMMON_BLOCKS = YES;
				GCC_OPTIMIZATION_LEVEL = 0;
				GCC_PREPROCESSOR_DEFINITIONS = (
					"DEBUG=1",
					"$(inherited)",
				);
				GCC_WARN_64_TO_32_BIT_CONVERSION = YES;
				GCC_WARN_ABOUT_RETURN_TYPE = YES_ERROR;
				GCC_WARN_UNDECLARED_SELECTOR = YES;
				GCC_WARN_UNINITIALIZED_AUTOS = YES_AGGRESSIVE;
				GCC_WARN_UNUSED_FUNCTION = YES;
				GCC_WARN_UNUSED_VARIABLE = YES;
				IPHONEOS_DEPLOYMENT_TARGET = 9.2;
				MTL_ENABLE_DEBUG_INFO = YES;
				ONLY_ACTIVE_ARCH = YES;
				SDKROOT = iphoneos;
				SWIFT_OPTIMIZATION_LEVEL = "-Onone";
				TARGETED_DEVICE_FAMILY = "1,2";
			};
			name = Debug;
		};
		317703001C9CABF200C1D9A2 /* Release */ = {
			isa = XCBuildConfiguration;
			buildSettings = {
				ALWAYS_SEARCH_USER_PATHS = NO;
				CLANG_CXX_LANGUAGE_STANDARD = "gnu++0x";
				CLANG_CXX_LIBRARY = "libc++";
				CLANG_ENABLE_MODULES = YES;
				CLANG_ENABLE_OBJC_ARC = YES;
				CLANG_WARN_BOOL_CONVERSION = YES;
				CLANG_WARN_CONSTANT_CONVERSION = YES;
				CLANG_WARN_DIRECT_OBJC_ISA_USAGE = YES_ERROR;
				CLANG_WARN_EMPTY_BODY = YES;
				CLANG_WARN_ENUM_CONVERSION = YES;
				CLANG_WARN_INT_CONVERSION = YES;
				CLANG_WARN_OBJC_ROOT_CLASS = YES_ERROR;
				CLANG_WARN_UNREACHABLE_CODE = YES;
				CLANG_WARN__DUPLICATE_METHOD_MATCH = YES;
				"CODE_SIGN_IDENTITY[sdk=iphoneos*]" = "iPhone Developer";
				COPY_PHASE_STRIP = NO;
				DEBUG_INFORMATION_FORMAT = "dwarf-with-dsym";
				ENABLE_NS_ASSERTIONS = NO;
				ENABLE_STRICT_OBJC_MSGSEND = YES;
				GCC_C_LANGUAGE_STANDARD = gnu99;
				GCC_NO_COMMON_BLOCKS = YES;
				GCC_WARN_64_TO_32_BIT_CONVERSION = YES;
				GCC_WARN_ABOUT_RETURN_TYPE = YES_ERROR;
				GCC_WARN_UNDECLARED_SELECTOR = YES;
				GCC_WARN_UNINITIALIZED_AUTOS = YES_AGGRESSIVE;
				GCC_WARN_UNUSED_FUNCTION = YES;
				GCC_WARN_UNUSED_VARIABLE = YES;
				IPHONEOS_DEPLOYMENT_TARGET = 9.2;
				MTL_ENABLE_DEBUG_INFO = NO;
				SDKROOT = iphoneos;
				TARGETED_DEVICE_FAMILY = "1,2";
				VALIDATE_PRODUCT = YES;
			};
			name = Release;
		};
		317703021C9CABF200C1D9A2 /* Debug */ = {
			isa = XCBuildConfiguration;
			buildSettings = {
				ASSETCATALOG_COMPILER_APPICON_NAME = AppIcon;
				INFOPLIST_FILE = "Northwest Connect/Info.plist";
				LD_RUNPATH_SEARCH_PATHS = "$(inherited) @executable_path/Frameworks";
				PRODUCT_BUNDLE_IDENTIFIER = "edu.nwmissouri.Northwest-Connect";
				PRODUCT_NAME = "$(TARGET_NAME)";
			};
			name = Debug;
		};
		317703031C9CABF200C1D9A2 /* Release */ = {
			isa = XCBuildConfiguration;
			buildSettings = {
				ASSETCATALOG_COMPILER_APPICON_NAME = AppIcon;
				INFOPLIST_FILE = "Northwest Connect/Info.plist";
				LD_RUNPATH_SEARCH_PATHS = "$(inherited) @executable_path/Frameworks";
				PRODUCT_BUNDLE_IDENTIFIER = "edu.nwmissouri.Northwest-Connect";
				PRODUCT_NAME = "$(TARGET_NAME)";
			};
			name = Release;
		};
		317703051C9CABF200C1D9A2 /* Debug */ = {
			isa = XCBuildConfiguration;
			buildSettings = {
				BUNDLE_LOADER = "$(TEST_HOST)";
				INFOPLIST_FILE = "Northwest ConnectTests/Info.plist";
				LD_RUNPATH_SEARCH_PATHS = "$(inherited) @executable_path/Frameworks @loader_path/Frameworks";
				PRODUCT_BUNDLE_IDENTIFIER = "edu.nwmissouri.Northwest-ConnectTests";
				PRODUCT_NAME = "$(TARGET_NAME)";
				TEST_HOST = "$(BUILT_PRODUCTS_DIR)/Northwest Connect.app/Northwest Connect";
			};
			name = Debug;
		};
		317703061C9CABF200C1D9A2 /* Release */ = {
			isa = XCBuildConfiguration;
			buildSettings = {
				BUNDLE_LOADER = "$(TEST_HOST)";
				INFOPLIST_FILE = "Northwest ConnectTests/Info.plist";
				LD_RUNPATH_SEARCH_PATHS = "$(inherited) @executable_path/Frameworks @loader_path/Frameworks";
				PRODUCT_BUNDLE_IDENTIFIER = "edu.nwmissouri.Northwest-ConnectTests";
				PRODUCT_NAME = "$(TARGET_NAME)";
				TEST_HOST = "$(BUILT_PRODUCTS_DIR)/Northwest Connect.app/Northwest Connect";
			};
			name = Release;
		};
		317703081C9CABF200C1D9A2 /* Debug */ = {
			isa = XCBuildConfiguration;
			buildSettings = {
				INFOPLIST_FILE = "Northwest ConnectUITests/Info.plist";
				LD_RUNPATH_SEARCH_PATHS = "$(inherited) @executable_path/Frameworks @loader_path/Frameworks";
				PRODUCT_BUNDLE_IDENTIFIER = "edu.nwmissouri.Northwest-ConnectUITests";
				PRODUCT_NAME = "$(TARGET_NAME)";
				TEST_TARGET_NAME = "Northwest Connect";
				USES_XCTRUNNER = YES;
			};
			name = Debug;
		};
		317703091C9CABF200C1D9A2 /* Release */ = {
			isa = XCBuildConfiguration;
			buildSettings = {
				INFOPLIST_FILE = "Northwest ConnectUITests/Info.plist";
				LD_RUNPATH_SEARCH_PATHS = "$(inherited) @executable_path/Frameworks @loader_path/Frameworks";
				PRODUCT_BUNDLE_IDENTIFIER = "edu.nwmissouri.Northwest-ConnectUITests";
				PRODUCT_NAME = "$(TARGET_NAME)";
				TEST_TARGET_NAME = "Northwest Connect";
				USES_XCTRUNNER = YES;
			};
			name = Release;
		};
/* End XCBuildConfiguration section */

/* Begin XCConfigurationList section */
		317702D21C9CABF200C1D9A2 /* Build configuration list for PBXProject "Northwest Connect" */ = {
			isa = XCConfigurationList;
			buildConfigurations = (
				317702FF1C9CABF200C1D9A2 /* Debug */,
				317703001C9CABF200C1D9A2 /* Release */,
			);
			defaultConfigurationIsVisible = 0;
			defaultConfigurationName = Release;
		};
		317703011C9CABF200C1D9A2 /* Build configuration list for PBXNativeTarget "Northwest Connect" */ = {
			isa = XCConfigurationList;
			buildConfigurations = (
				317703021C9CABF200C1D9A2 /* Debug */,
				317703031C9CABF200C1D9A2 /* Release */,
			);
			defaultConfigurationIsVisible = 0;
			defaultConfigurationName = Release;
		};
		317703041C9CABF200C1D9A2 /* Build configuration list for PBXNativeTarget "Northwest ConnectTests" */ = {
			isa = XCConfigurationList;
			buildConfigurations = (
				317703051C9CABF200C1D9A2 /* Debug */,
				317703061C9CABF200C1D9A2 /* Release */,
			);
			defaultConfigurationIsVisible = 0;
			defaultConfigurationName = Release;
		};
		317703071C9CABF200C1D9A2 /* Build configuration list for PBXNativeTarget "Northwest ConnectUITests" */ = {
			isa = XCConfigurationList;
			buildConfigurations = (
				317703081C9CABF200C1D9A2 /* Debug */,
				317703091C9CABF200C1D9A2 /* Release */,
			);
			defaultConfigurationIsVisible = 0;
			defaultConfigurationName = Release;
		};
/* End XCConfigurationList section */
	};
	rootObject = 317702CF1C9CABF200C1D9A2 /* Project object */;
}
